
Microsoft Visual Studio Solution File, Format Version 12.00
# Visual Studio 2012
Project("{FAE04EC0-301F-11D3-BF4B-00C04F79EFBC}") = "SkinnedModelData", "SkinnedModelData\SkinnedModelData.csproj", "{3899FB5E-0ED8-4606-81D5-4053C24C52AF}"
EndProject
Project("{FAE04EC0-301F-11D3-BF4B-00C04F79EFBC}") = "SkinnedModelPipeline", "SkinnedModelPipeline\SkinnedModelPipeline.csproj", "{FDC4EB6B-4FC3-45DC-8E17-7F560C58CD0C}"
EndProject
Project("{FAE04EC0-301F-11D3-BF4B-00C04F79EFBC}") = "XNA_ENGINE", "XNA_ENGINE\XNA_ENGINE.csproj", "{4053C6C5-8338-457D-9126-7249FAC61353}"
EndProject
Project("{FAE04EC0-301F-11D3-BF4B-00C04F79EFBC}") = "XNA_GoingWild", "XNA_GoingWild\XNA_GoingWild.csproj", "{1E06CC5A-D09C-401E-8A56-E4E50139A847}"
EndProject
Project("{FAE04EC0-301F-11D3-BF4B-00C04F79EFBC}") = "XNA_Interaction", "XNA_Interaction\XNA_Interaction.csproj", "{EFA9BBA5-FE7F-436C-8FE4-DFCB5A78B71E}"
EndProject
Project("{FAE04EC0-301F-11D3-BF4B-00C04F79EFBC}") = "XNA_LoadContent", "XNA_LoadContent\XNA_LoadContent.csproj", "{12912286-10CD-475A-80C2-C9299A26AE34}"
EndProject
Project("{FAE04EC0-301F-11D3-BF4B-00C04F79EFBC}") = "XNA_Movement", "XNA_Movement\XNA_Movement.csproj", "{EDB6BEB8-0B21-4B46-8B2E-F25EC7867513}"
EndProject
Project("{FAE04EC0-301F-11D3-BF4B-00C04F79EFBC}") = "XNA_DEMOContent", "XNA_DEMOContent\XNA_DEMOContent.contentproj", "{019DE630-5711-48FA-8AE7-C0C67A910398}"
EndProject
Project("{FAE04EC0-301F-11D3-BF4B-00C04F79EFBC}") = "XNA_Fiddle", "XNA_Fiddle\XNA_Fiddle.csproj", "{887DFE77-C852-456D-9569-F2BAFC8D426F}"
EndProject
Project("{2150E333-8FDC-42A3-9474-1A3956D46DE8}") = "PhysicsExamples", "PhysicsExamples", "{2D054D95-B3F4-40A7-A1C9-0E1474EB84E0}"
EndProject
Project("{FAE04EC0-301F-11D3-BF4B-00C04F79EFBC}") = "Farseer Physics XNA", "Farseer Physics Engine 3.3.1 Samples XNA\Farseer Physics Engine 3.3 XNA\Farseer Physics XNA.csproj", "{0A850700-1ABB-4288-A391-6726B90EBEB9}"
EndProject
Project("{FAE04EC0-301F-11D3-BF4B-00C04F79EFBC}") = "DebugView XNA Content", "Farseer Physics Engine 3.3.1 Samples XNA\DebugView XNA\Content\DebugView XNA Content.contentproj", "{AC26EDE1-2A42-4A57-BEEE-9603FCAC9317}"
EndProject
Project("{FAE04EC0-301F-11D3-BF4B-00C04F79EFBC}") = "DebugView XNA", "Farseer Physics Engine 3.3.1 Samples XNA\DebugView XNA\DebugView XNA.csproj", "{FC7845FA-13FE-4FF8-822A-A577F3F59B00}"
EndProject
Project("{FAE04EC0-301F-11D3-BF4B-00C04F79EFBC}") = "Samples XNA", "Farseer Physics Engine 3.3.1 Samples XNA\Samples XNA\Samples XNA\Samples XNA.csproj", "{1681ADA2-B2F3-4157-A603-82C742379856}"
EndProject
Project("{FAE04EC0-301F-11D3-BF4B-00C04F79EFBC}") = "Samples XNA Content", "Farseer Physics Engine 3.3.1 Samples XNA\Samples XNA\Samples XNAContent\Samples XNA Content.contentproj", "{C8D1B1FB-E7FA-4BCF-BC8A-4D5D93429F67}"
EndProject
Global
	GlobalSection(SolutionConfigurationPlatforms) = preSolution
		Debug|Any CPU = Debug|Any CPU
		Debug|x86 = Debug|x86
		Release|Any CPU = Release|Any CPU
		Release|x86 = Release|x86
	EndGlobalSection
	GlobalSection(ProjectConfigurationPlatforms) = postSolution
		{3899FB5E-0ED8-4606-81D5-4053C24C52AF}.Debug|Any CPU.ActiveCfg = Debug|x86
		{3899FB5E-0ED8-4606-81D5-4053C24C52AF}.Debug|x86.ActiveCfg = Debug|x86
		{3899FB5E-0ED8-4606-81D5-4053C24C52AF}.Debug|x86.Build.0 = Debug|x86
		{3899FB5E-0ED8-4606-81D5-4053C24C52AF}.Release|Any CPU.ActiveCfg = Release|x86
		{3899FB5E-0ED8-4606-81D5-4053C24C52AF}.Release|x86.ActiveCfg = Release|x86
		{3899FB5E-0ED8-4606-81D5-4053C24C52AF}.Release|x86.Build.0 = Release|x86
		{FDC4EB6B-4FC3-45DC-8E17-7F560C58CD0C}.Debug|Any CPU.ActiveCfg = Debug|x86
		{FDC4EB6B-4FC3-45DC-8E17-7F560C58CD0C}.Debug|x86.ActiveCfg = Debug|x86
		{FDC4EB6B-4FC3-45DC-8E17-7F560C58CD0C}.Debug|x86.Build.0 = Debug|x86
		{FDC4EB6B-4FC3-45DC-8E17-7F560C58CD0C}.Release|Any CPU.ActiveCfg = Release|x86
		{FDC4EB6B-4FC3-45DC-8E17-7F560C58CD0C}.Release|x86.ActiveCfg = Release|x86
		{FDC4EB6B-4FC3-45DC-8E17-7F560C58CD0C}.Release|x86.Build.0 = Release|x86
		{4053C6C5-8338-457D-9126-7249FAC61353}.Debug|Any CPU.ActiveCfg = Debug|x86
		{4053C6C5-8338-457D-9126-7249FAC61353}.Debug|x86.ActiveCfg = Debug|x86
		{4053C6C5-8338-457D-9126-7249FAC61353}.Debug|x86.Build.0 = Debug|x86
		{4053C6C5-8338-457D-9126-7249FAC61353}.Release|Any CPU.ActiveCfg = Release|x86
		{4053C6C5-8338-457D-9126-7249FAC61353}.Release|x86.ActiveCfg = Release|x86
		{4053C6C5-8338-457D-9126-7249FAC61353}.Release|x86.Build.0 = Release|x86
		{1E06CC5A-D09C-401E-8A56-E4E50139A847}.Debug|Any CPU.ActiveCfg = Debug|x86
		{1E06CC5A-D09C-401E-8A56-E4E50139A847}.Debug|x86.ActiveCfg = Debug|x86
		{1E06CC5A-D09C-401E-8A56-E4E50139A847}.Debug|x86.Build.0 = Debug|x86
		{1E06CC5A-D09C-401E-8A56-E4E50139A847}.Release|Any CPU.ActiveCfg = Release|x86
		{1E06CC5A-D09C-401E-8A56-E4E50139A847}.Release|x86.ActiveCfg = Release|x86
		{1E06CC5A-D09C-401E-8A56-E4E50139A847}.Release|x86.Build.0 = Release|x86
		{EFA9BBA5-FE7F-436C-8FE4-DFCB5A78B71E}.Debug|Any CPU.ActiveCfg = Debug|x86
		{EFA9BBA5-FE7F-436C-8FE4-DFCB5A78B71E}.Debug|x86.ActiveCfg = Debug|x86
		{EFA9BBA5-FE7F-436C-8FE4-DFCB5A78B71E}.Debug|x86.Build.0 = Debug|x86
		{EFA9BBA5-FE7F-436C-8FE4-DFCB5A78B71E}.Release|Any CPU.ActiveCfg = Release|x86
		{EFA9BBA5-FE7F-436C-8FE4-DFCB5A78B71E}.Release|x86.ActiveCfg = Release|x86
		{EFA9BBA5-FE7F-436C-8FE4-DFCB5A78B71E}.Release|x86.Build.0 = Release|x86
		{12912286-10CD-475A-80C2-C9299A26AE34}.Debug|Any CPU.ActiveCfg = Debug|x86
		{12912286-10CD-475A-80C2-C9299A26AE34}.Debug|x86.ActiveCfg = Debug|x86
		{12912286-10CD-475A-80C2-C9299A26AE34}.Debug|x86.Build.0 = Debug|x86
		{12912286-10CD-475A-80C2-C9299A26AE34}.Release|Any CPU.ActiveCfg = Release|x86
		{12912286-10CD-475A-80C2-C9299A26AE34}.Release|x86.ActiveCfg = Release|x86
		{12912286-10CD-475A-80C2-C9299A26AE34}.Release|x86.Build.0 = Release|x86
		{EDB6BEB8-0B21-4B46-8B2E-F25EC7867513}.Debug|Any CPU.ActiveCfg = Debug|x86
		{EDB6BEB8-0B21-4B46-8B2E-F25EC7867513}.Debug|x86.ActiveCfg = Debug|x86
		{EDB6BEB8-0B21-4B46-8B2E-F25EC7867513}.Debug|x86.Build.0 = Debug|x86
		{EDB6BEB8-0B21-4B46-8B2E-F25EC7867513}.Release|Any CPU.ActiveCfg = Release|x86
		{EDB6BEB8-0B21-4B46-8B2E-F25EC7867513}.Release|x86.ActiveCfg = Release|x86
		{EDB6BEB8-0B21-4B46-8B2E-F25EC7867513}.Release|x86.Build.0 = Release|x86
		{019DE630-5711-48FA-8AE7-C0C67A910398}.Debug|Any CPU.ActiveCfg = Debug|x86
		{019DE630-5711-48FA-8AE7-C0C67A910398}.Debug|x86.ActiveCfg = Debug|x86
		{019DE630-5711-48FA-8AE7-C0C67A910398}.Release|Any CPU.ActiveCfg = Release|x86
		{019DE630-5711-48FA-8AE7-C0C67A910398}.Release|x86.ActiveCfg = Release|x86
		{887DFE77-C852-456D-9569-F2BAFC8D426F}.Debug|Any CPU.ActiveCfg = Debug|x86
		{887DFE77-C852-456D-9569-F2BAFC8D426F}.Debug|x86.ActiveCfg = Debug|x86
		{887DFE77-C852-456D-9569-F2BAFC8D426F}.Debug|x86.Build.0 = Debug|x86
		{887DFE77-C852-456D-9569-F2BAFC8D426F}.Release|Any CPU.ActiveCfg = Release|x86
		{887DFE77-C852-456D-9569-F2BAFC8D426F}.Release|x86.ActiveCfg = Release|x86
		{887DFE77-C852-456D-9569-F2BAFC8D426F}.Release|x86.Build.0 = Release|x86
		{0A850700-1ABB-4288-A391-6726B90EBEB9}.Debug|Any CPU.ActiveCfg = Debug|x86
		{0A850700-1ABB-4288-A391-6726B90EBEB9}.Debug|x86.ActiveCfg = Debug|x86
		{0A850700-1ABB-4288-A391-6726B90EBEB9}.Debug|x86.Build.0 = Debug|x86
		{0A850700-1ABB-4288-A391-6726B90EBEB9}.Release|Any CPU.ActiveCfg = Release|x86
		{0A850700-1ABB-4288-A391-6726B90EBEB9}.Release|x86.ActiveCfg = Release|x86
		{0A850700-1ABB-4288-A391-6726B90EBEB9}.Release|x86.Build.0 = Release|x86
		{AC26EDE1-2A42-4A57-BEEE-9603FCAC9317}.Debug|Any CPU.ActiveCfg = Debug|Any CPU
		{AC26EDE1-2A42-4A57-BEEE-9603FCAC9317}.Debug|x86.ActiveCfg = Debug|Any CPU
		{AC26EDE1-2A42-4A57-BEEE-9603FCAC9317}.Release|Any CPU.ActiveCfg = Debug|Any CPU
		{AC26EDE1-2A42-4A57-BEEE-9603FCAC9317}.Release|x86.ActiveCfg = Debug|Any CPU
		{FC7845FA-13FE-4FF8-822A-A577F3F59B00}.Debug|Any CPU.ActiveCfg = Debug|x86
		{FC7845FA-13FE-4FF8-822A-A577F3F59B00}.Debug|x86.ActiveCfg = Debug|x86
		{FC7845FA-13FE-4FF8-822A-A577F3F59B00}.Debug|x86.Build.0 = Debug|x86
		{FC7845FA-13FE-4FF8-822A-A577F3F59B00}.Release|Any CPU.ActiveCfg = Release|x86
		{FC7845FA-13FE-4FF8-822A-A577F3F59B00}.Release|x86.ActiveCfg = Release|x86
		{FC7845FA-13FE-4FF8-822A-A577F3F59B00}.Release|x86.Build.0 = Release|x86
		{1681ADA2-B2F3-4157-A603-82C742379856}.Debug|Any CPU.ActiveCfg = Debug|x86
		{1681ADA2-B2F3-4157-A603-82C742379856}.Debug|x86.ActiveCfg = Debug|x86
		{1681ADA2-B2F3-4157-A603-82C742379856}.Debug|x86.Build.0 = Debug|x86
		{1681ADA2-B2F3-4157-A603-82C742379856}.Release|Any CPU.ActiveCfg = Release|x86
		{1681ADA2-B2F3-4157-A603-82C742379856}.Release|x86.ActiveCfg = Release|x86
		{1681ADA2-B2F3-4157-A603-82C742379856}.Release|x86.Build.0 = Release|x86
		{C8D1B1FB-E7FA-4BCF-BC8A-4D5D93429F67}.Debug|Any CPU.ActiveCfg = Debug|x86
		{C8D1B1FB-E7FA-4BCF-BC8A-4D5D93429F67}.Debug|x86.ActiveCfg = Debug|x86
		{C8D1B1FB-E7FA-4BCF-BC8A-4D5D93429F67}.Release|Any CPU.ActiveCfg = Release|x86
		{C8D1B1FB-E7FA-4BCF-BC8A-4D5D93429F67}.Release|x86.ActiveCfg = Release|x86
	EndGlobalSection
	GlobalSection(SolutionProperties) = preSolution
		HideSolutionNode = FALSE
	EndGlobalSection
	GlobalSection(NestedProjects) = preSolution
		{0A850700-1ABB-4288-A391-6726B90EBEB9} = {2D054D95-B3F4-40A7-A1C9-0E1474EB84E0}
		{AC26EDE1-2A42-4A57-BEEE-9603FCAC9317} = {2D054D95-B3F4-40A7-A1C9-0E1474EB84E0}
		{FC7845FA-13FE-4FF8-822A-A577F3F59B00} = {2D054D95-B3F4-40A7-A1C9-0E1474EB84E0}
		{1681ADA2-B2F3-4157-A603-82C742379856} = {2D054D95-B3F4-40A7-A1C9-0E1474EB84E0}
		{C8D1B1FB-E7FA-4BCF-BC8A-4D5D93429F67} = {2D054D95-B3F4-40A7-A1C9-0E1474EB84E0}
	EndGlobalSection
EndGlobal
