
Microsoft Visual Studio Solution File, Format Version 12.00
# Visual Studio 2012
Project("{FAE04EC0-301F-11D3-BF4B-00C04F79EFBC}") = "XNA_ENGINE", "XNA_ENGINE\XNA_ENGINE.csproj", "{4053C6C5-8338-457D-9126-7249FAC61353}"
EndProject
Project("{FAE04EC0-301F-11D3-BF4B-00C04F79EFBC}") = "XNA_DEMOContent", "XNA_DEMOContent\XNA_DEMOContent.contentproj", "{019DE630-5711-48FA-8AE7-C0C67A910398}"
EndProject
Global
	GlobalSection(SolutionConfigurationPlatforms) = preSolution
		Debug|Any CPU = Debug|Any CPU
		Debug|x86 = Debug|x86
		Release|Any CPU = Release|Any CPU
		Release|x86 = Release|x86
	EndGlobalSection
	GlobalSection(ProjectConfigurationPlatforms) = postSolution
		{4053C6C5-8338-457D-9126-7249FAC61353}.Debug|Any CPU.ActiveCfg = Debug|x86
		{4053C6C5-8338-457D-9126-7249FAC61353}.Debug|x86.ActiveCfg = Debug|x86
		{4053C6C5-8338-457D-9126-7249FAC61353}.Debug|x86.Build.0 = Debug|x86
		{4053C6C5-8338-457D-9126-7249FAC61353}.Release|Any CPU.ActiveCfg = Release|x86
		{4053C6C5-8338-457D-9126-7249FAC61353}.Release|x86.ActiveCfg = Release|x86
		{4053C6C5-8338-457D-9126-7249FAC61353}.Release|x86.Build.0 = Release|x86
		{019DE630-5711-48FA-8AE7-C0C67A910398}.Debug|Any CPU.ActiveCfg = Debug|x86
		{019DE630-5711-48FA-8AE7-C0C67A910398}.Debug|x86.ActiveCfg = Debug|x86
		{019DE630-5711-48FA-8AE7-C0C67A910398}.Release|Any CPU.ActiveCfg = Release|x86
		{019DE630-5711-48FA-8AE7-C0C67A910398}.Release|x86.ActiveCfg = Release|x86
	EndGlobalSection
	GlobalSection(SolutionProperties) = preSolution
		HideSolutionNode = FALSE
	EndGlobalSection
EndGlobal
